
Microsoft Visual Studio Solution File, Format Version 12.00
Project("{2150E333-8FDC-42A3-9474-1A3956D46DE8}") = "src", "src", "{6183F919-1F28-4B4E-A946-99F36F5DD454}"
EndProject
Project("{2150E333-8FDC-42A3-9474-1A3956D46DE8}") = "test", "test", "{7D340AF2-1FBB-4414-850D-31435742EDA9}"
EndProject
Project("{FAE04EC0-301F-11D3-BF4B-00C04F79EFBC}") = "CBA.AP.Blog", "CBA.AP.Blog\CBA.AP.Blog.csproj", "{F317F93F-B330-44B7-BAC6-4AAFCB3C28E2}"
EndProject
Project("{FAE04EC0-301F-11D3-BF4B-00C04F79EFBC}") = "CBA.AP.Blog.Domain", "CBA.AP.Blog.Domain\CBA.AP.Blog.Domain.csproj", "{1A99D62F-2FEC-4DC4-8C3B-A978AF7052C1}"
EndProject
Project("{FAE04EC0-301F-11D3-BF4B-00C04F79EFBC}") = "CBA.AP.Blog.Infrastructure", "CBA.AP.Blog.Infrastructure\CBA.AP.Blog.Infrastructure.csproj", "{9237FEC9-D84C-488C-BA16-22C019F28954}"
EndProject
Project("{FAE04EC0-301F-11D3-BF4B-00C04F79EFBC}") = "CBA.AP.Blog.Services", "CBA.AP.Blog.Services\CBA.AP.Blog.Services.csproj", "{DC4F3A74-10DE-4E0C-BEE6-B5AA40A06D73}"
EndProject
Global
	GlobalSection(SolutionConfigurationPlatforms) = preSolution
		Debug|Any CPU = Debug|Any CPU
		Release|Any CPU = Release|Any CPU
	EndGlobalSection
	GlobalSection(NestedProjects) = preSolution
		{F317F93F-B330-44B7-BAC6-4AAFCB3C28E2} = {6183F919-1F28-4B4E-A946-99F36F5DD454}
		{1A99D62F-2FEC-4DC4-8C3B-A978AF7052C1} = {6183F919-1F28-4B4E-A946-99F36F5DD454}
		{9237FEC9-D84C-488C-BA16-22C019F28954} = {6183F919-1F28-4B4E-A946-99F36F5DD454}
		{DC4F3A74-10DE-4E0C-BEE6-B5AA40A06D73} = {6183F919-1F28-4B4E-A946-99F36F5DD454}
	EndGlobalSection
	GlobalSection(ProjectConfigurationPlatforms) = postSolution
		{F317F93F-B330-44B7-BAC6-4AAFCB3C28E2}.Debug|Any CPU.ActiveCfg = Debug|Any CPU
		{F317F93F-B330-44B7-BAC6-4AAFCB3C28E2}.Debug|Any CPU.Build.0 = Debug|Any CPU
		{F317F93F-B330-44B7-BAC6-4AAFCB3C28E2}.Release|Any CPU.ActiveCfg = Release|Any CPU
		{F317F93F-B330-44B7-BAC6-4AAFCB3C28E2}.Release|Any CPU.Build.0 = Release|Any CPU
		{1A99D62F-2FEC-4DC4-8C3B-A978AF7052C1}.Debug|Any CPU.ActiveCfg = Debug|Any CPU
		{1A99D62F-2FEC-4DC4-8C3B-A978AF7052C1}.Debug|Any CPU.Build.0 = Debug|Any CPU
		{1A99D62F-2FEC-4DC4-8C3B-A978AF7052C1}.Release|Any CPU.ActiveCfg = Release|Any CPU
		{1A99D62F-2FEC-4DC4-8C3B-A978AF7052C1}.Release|Any CPU.Build.0 = Release|Any CPU
		{9237FEC9-D84C-488C-BA16-22C019F28954}.Debug|Any CPU.ActiveCfg = Debug|Any CPU
		{9237FEC9-D84C-488C-BA16-22C019F28954}.Debug|Any CPU.Build.0 = Debug|Any CPU
		{9237FEC9-D84C-488C-BA16-22C019F28954}.Release|Any CPU.ActiveCfg = Release|Any CPU
		{9237FEC9-D84C-488C-BA16-22C019F28954}.Release|Any CPU.Build.0 = Release|Any CPU
		{DC4F3A74-10DE-4E0C-BEE6-B5AA40A06D73}.Debug|Any CPU.ActiveCfg = Debug|Any CPU
		{DC4F3A74-10DE-4E0C-BEE6-B5AA40A06D73}.Debug|Any CPU.Build.0 = Debug|Any CPU
		{DC4F3A74-10DE-4E0C-BEE6-B5AA40A06D73}.Release|Any CPU.ActiveCfg = Release|Any CPU
		{DC4F3A74-10DE-4E0C-BEE6-B5AA40A06D73}.Release|Any CPU.Build.0 = Release|Any CPU
	EndGlobalSection
EndGlobal
